{
    "_readme": [
        "This file locks the dependencies of your project to a known state",
        "Read more about it at https://getcomposer.org/doc/01-basic-usage.md#installing-dependencies",
        "This file is @generated automatically"
    ],
    "content-hash": "cc61ea036d0c85eaffaff1bbc9b31d0d",
    "packages": [
        {
            "name": "symfony/http-client-contracts",
            "version": "v3.2.1",
            "source": {
                "type": "git",
                "url": "https://github.com/symfony/http-client-contracts.git",
                "reference": "df2ecd6cb70e73c1080e6478aea85f5f4da2c48b"
            },
            "dist": {
                "type": "zip",
                "url": "https://api.github.com/repos/symfony/http-client-contracts/zipball/df2ecd6cb70e73c1080e6478aea85f5f4da2c48b",
                "reference": "df2ecd6cb70e73c1080e6478aea85f5f4da2c48b",
                "shasum": ""
            },
            "require": {
                "php": ">=8.1"
            },
            "suggest": {
                "symfony/http-client-implementation": ""
            },
            "type": "library",
            "extra": {
                "branch-alias": {
                    "dev-main": "3.3-dev"
                },
                "thanks": {
                    "name": "symfony/contracts",
                    "url": "https://github.com/symfony/contracts"
                }
            },
            "autoload": {
                "psr-4": {
                    "Symfony\\Contracts\\HttpClient\\": ""
                },
                "exclude-from-classmap": [
                    "/Test/"
                ]
            },
            "notification-url": "https://packagist.org/downloads/",
            "license": [
                "MIT"
            ],
            "authors": [
                {
                    "name": "Nicolas Grekas",
                    "email": "p@tchwork.com"
                },
                {
                    "name": "Symfony Community",
                    "homepage": "https://symfony.com/contributors"
                }
            ],
            "description": "Generic abstractions related to HTTP clients",
            "homepage": "https://symfony.com",
            "keywords": [
                "abstractions",
                "contracts",
                "decoupling",
                "interfaces",
                "interoperability",
                "standards"
            ],
            "support": {
                "source": "https://github.com/symfony/http-client-contracts/tree/v3.2.1"
            },
            "funding": [
                {
                    "url": "https://symfony.com/sponsor",
                    "type": "custom"
                },
                {
                    "url": "https://github.com/fabpot",
                    "type": "github"
                },
                {
                    "url": "https://tidelift.com/funding/github/packagist/symfony/symfony",
                    "type": "tidelift"
                }
            ],
            "time": "2023-03-01T10:32:47+00:00"
        }
    ],
    "packages-dev": [],
    "aliases": [],
    "minimum-stability": "stable",
    "stability-flags": [],
    "prefer-stable": false,
    "prefer-lowest": false,
    "platform": {
        "ext-openssl": "*",
        "ext-json": "*"
    },
    "platform-dev": [],
    "plugin-api-version": "2.2.0"
}
